
Microsoft Visual Studio Solution File, Format Version 12.00
# Visual Studio Version 17
VisualStudioVersion = 17.1.32328.378
MinimumVisualStudioVersion = 10.0.40219.1
Project("{2150E333-8FDC-42A3-9474-1A3956D46DE8}") = "Rosemary Project", "Rosemary Project", "{6CE85274-478F-45BA-B6E7-53B0F13C9A89}"
EndProject
Project("{39E2626F-3545-4960-A6E8-258AD8476CE5}") = "htg-native.Packaging", "htg-native.Packaging\htg-native.Packaging.androidproj", "{7B5E57AF-C443-4E35-ABCD-9EAC23B4F6CD}"
EndProject
Project("{8BC9CEB8-8B4A-11D0-8D11-00A0C91BC942}") = "htg-native.NativeActivity", "htg-native.NativeActivity\htg-native.NativeActivity.vcxproj", "{028ADC3A-1009-445B-A6F8-E212EDACEA56}"
EndProject
Global
	GlobalSection(SolutionConfigurationPlatforms) = preSolution
		Debug|ARM = Debug|ARM
		Debug|ARM64 = Debug|ARM64
		Debug|x64 = Debug|x64
		Debug|x86 = Debug|x86
		Release|ARM = Release|ARM
		Release|ARM64 = Release|ARM64
		Release|x64 = Release|x64
		Release|x86 = Release|x86
	EndGlobalSection
	GlobalSection(ProjectConfigurationPlatforms) = postSolution
		{7B5E57AF-C443-4E35-ABCD-9EAC23B4F6CD}.Debug|ARM.ActiveCfg = Debug|ARM
		{7B5E57AF-C443-4E35-ABCD-9EAC23B4F6CD}.Debug|ARM.Build.0 = Debug|ARM
		{7B5E57AF-C443-4E35-ABCD-9EAC23B4F6CD}.Debug|ARM.Deploy.0 = Debug|ARM
		{7B5E57AF-C443-4E35-ABCD-9EAC23B4F6CD}.Debug|ARM64.ActiveCfg = Debug|ARM64
		{7B5E57AF-C443-4E35-ABCD-9EAC23B4F6CD}.Debug|ARM64.Build.0 = Debug|ARM64
		{7B5E57AF-C443-4E35-ABCD-9EAC23B4F6CD}.Debug|ARM64.Deploy.0 = Debug|ARM64
		{7B5E57AF-C443-4E35-ABCD-9EAC23B4F6CD}.Debug|x64.ActiveCfg = Debug|x64
		{7B5E57AF-C443-4E35-ABCD-9EAC23B4F6CD}.Debug|x64.Build.0 = Debug|x64
		{7B5E57AF-C443-4E35-ABCD-9EAC23B4F6CD}.Debug|x64.Deploy.0 = Debug|x64
		{7B5E57AF-C443-4E35-ABCD-9EAC23B4F6CD}.Debug|x86.ActiveCfg = Debug|x86
		{7B5E57AF-C443-4E35-ABCD-9EAC23B4F6CD}.Debug|x86.Build.0 = Debug|x86
		{7B5E57AF-C443-4E35-ABCD-9EAC23B4F6CD}.Debug|x86.Deploy.0 = Debug|x86
		{7B5E57AF-C443-4E35-ABCD-9EAC23B4F6CD}.Release|ARM.ActiveCfg = Release|ARM
		{7B5E57AF-C443-4E35-ABCD-9EAC23B4F6CD}.Release|ARM.Build.0 = Release|ARM
		{7B5E57AF-C443-4E35-ABCD-9EAC23B4F6CD}.Release|ARM.Deploy.0 = Release|ARM
		{7B5E57AF-C443-4E35-ABCD-9EAC23B4F6CD}.Release|ARM64.ActiveCfg = Release|ARM64
		{7B5E57AF-C443-4E35-ABCD-9EAC23B4F6CD}.Release|ARM64.Build.0 = Release|ARM64
		{7B5E57AF-C443-4E35-ABCD-9EAC23B4F6CD}.Release|ARM64.Deploy.0 = Release|ARM64
		{7B5E57AF-C443-4E35-ABCD-9EAC23B4F6CD}.Release|x64.ActiveCfg = Release|x64
		{7B5E57AF-C443-4E35-ABCD-9EAC23B4F6CD}.Release|x64.Build.0 = Release|x64
		{7B5E57AF-C443-4E35-ABCD-9EAC23B4F6CD}.Release|x64.Deploy.0 = Release|x64
		{7B5E57AF-C443-4E35-ABCD-9EAC23B4F6CD}.Release|x86.ActiveCfg = Release|x86
		{7B5E57AF-C443-4E35-ABCD-9EAC23B4F6CD}.Release|x86.Build.0 = Release|x86
		{7B5E57AF-C443-4E35-ABCD-9EAC23B4F6CD}.Release|x86.Deploy.0 = Release|x86
		{028ADC3A-1009-445B-A6F8-E212EDACEA56}.Debug|ARM.ActiveCfg = Debug|ARM
		{028ADC3A-1009-445B-A6F8-E212EDACEA56}.Debug|ARM.Build.0 = Debug|ARM
		{028ADC3A-1009-445B-A6F8-E212EDACEA56}.Debug|ARM64.ActiveCfg = Debug|ARM64
		{028ADC3A-1009-445B-A6F8-E212EDACEA56}.Debug|ARM64.Build.0 = Debug|ARM64
		{028ADC3A-1009-445B-A6F8-E212EDACEA56}.Debug|x64.ActiveCfg = Debug|x64
		{028ADC3A-1009-445B-A6F8-E212EDACEA56}.Debug|x64.Build.0 = Debug|x64
		{028ADC3A-1009-445B-A6F8-E212EDACEA56}.Debug|x86.ActiveCfg = Debug|x86
		{028ADC3A-1009-445B-A6F8-E212EDACEA56}.Debug|x86.Build.0 = Debug|x86
		{028ADC3A-1009-445B-A6F8-E212EDACEA56}.Release|ARM.ActiveCfg = Release|ARM
		{028ADC3A-1009-445B-A6F8-E212EDACEA56}.Release|ARM.Build.0 = Release|ARM
		{028ADC3A-1009-445B-A6F8-E212EDACEA56}.Release|ARM64.ActiveCfg = Release|ARM64
		{028ADC3A-1009-445B-A6F8-E212EDACEA56}.Release|ARM64.Build.0 = Release|ARM64
		{028ADC3A-1009-445B-A6F8-E212EDACEA56}.Release|x64.ActiveCfg = Release|x64
		{028ADC3A-1009-445B-A6F8-E212EDACEA56}.Release|x64.Build.0 = Release|x64
		{028ADC3A-1009-445B-A6F8-E212EDACEA56}.Release|x86.ActiveCfg = Release|x86
		{028ADC3A-1009-445B-A6F8-E212EDACEA56}.Release|x86.Build.0 = Release|x86
	EndGlobalSection
	GlobalSection(SolutionProperties) = preSolution
		HideSolutionNode = FALSE
	EndGlobalSection
	GlobalSection(NestedProjects) = preSolution
		{7B5E57AF-C443-4E35-ABCD-9EAC23B4F6CD} = {6CE85274-478F-45BA-B6E7-53B0F13C9A89}
		{028ADC3A-1009-445B-A6F8-E212EDACEA56} = {6CE85274-478F-45BA-B6E7-53B0F13C9A89}
	EndGlobalSection
	GlobalSection(ExtensibilityGlobals) = postSolution
		SolutionGuid = {E853D657-F979-48A6-95A9-2EA3E3B9A61B}
	EndGlobalSection
EndGlobal
